jlpt-n5/vocabulary.yaml: a5b5fda64f734c341279b62b803b382b37c4e84e96d45b0d3d9a5679ca978244
jlpt-n5/grammar.yaml: fe952883bd5754b76f8a8f35c13d5569be9485336526d53d5a7ac5fbc92cbf8b
jlpt-n5/syllabus.md: 9ecf53b41cc2629bd1c77cd7bfeb66cd9645ab5faa4338c694f3aaf964036ace
jlpt-n4/vocabulary.yaml: c94d4ef720596cf5ab376deae564eefaabc16b2e8582c5a8d02d29df8a877d4e
jlpt-n4/grammar.yaml: 442c8ce52879f75db2c311b488b9c1c8d1139df66fe7db95aa556e7c19dead63
jlpt-n4/syllabus.md: 76a29812e92747422a1634158db890b9ae1782d1aba32bb422d56c7a5ac81d56
jlpt-n3/vocabulary.yaml: 66c8a92e82253545428fab27b68aed4cddd7c6b9f981b2ac379fb7e09c89f006
jlpt-n3/grammar.yaml: a4e6678f6dee0f05b0d23d3dec94f46b9dea1ea02e939dafa71fdb9398e9d3a4
jlpt-n3/syllabus.md: 21ea6fa22320a5e536387bf459ab5949f45e4f3094d02460d3c1d371dbd99723
jlpt-n2/vocabulary.yaml: ea9a7f903400afe3204fc186979dd1cb3e2f1d71dd1d95a33811291584fab3ae
jlpt-n2/grammar.yaml: 54db868a513abddc4cad26170ff3db00dec3b2ebf041ae9221a85bb32c2178ca
jlpt-n2/syllabus.md: 176bd0ca799f95d272b5cd5229fb41de2187fdd524506fbbaa84c563a262679b
jlpt-n1/vocabulary.yaml: 9afb0764dc1f1319b37c5c7fd8a543a51890bbae90e175dcc3e48c83ffc9f2c6
jlpt-n1/grammar.yaml: a2dfc2fd1dc9ac3c25b41ad3b7260eefa3092390d765bd46aa26a79de8077d10
jlpt-n1/syllabus.md: ef531a495daf22b28b65d4462c80848e0c8ff75c9c451c10778e086bb8dc2274
teaching/grammar.tsv: 9671bef0da326f49f8122fa14b155ab2724e13f7f3440c1856ce5edb5150e087
import-report.yaml: 238b265ba6966e44f86fc10ba30bc8b52101b37c660c1a62883c29643d359daf
upstream/download-lock.json: 26ab4115ed4f2ab43790016de9a52b692eb30245e6e876d90f8d50e87cbd24ee
upstream/jmdict-selected.json: 5fc46de8bec1b576e99cfd1053cf1e6079165d9119787c686aa046bd2fba7cf3
upstream/waller-n1.csv: 7a58f0584e9ec2b0299ccb9b109f3bd03e08b90d129a714307c0a1cb72f07b32
upstream/waller-n2.csv: 42a4413326e857d701dc9659b2711637ab612304a339fe0d09f4f0f042d3a214
upstream/waller-n3.csv: bd4d68c59cfee861351e1bdf9d99818e434392201eabbed4d3657225fe53a3ac
upstream/waller-n4.csv: a14dcc7fdc02259b22331a486c6ff66df74c16472c8aeb5a0ebe7e5fa8ee8eb4
upstream/waller-n5.csv: 07dc6f197b51cc076c65c3c9f23218d10c2b67f76545f5c1c4d9e3750495533a
licenses/CC-BY-SA-4.0.txt: 7abe19ec9bb73b36141b999b861d24ad855e808bafe0f81e84cce28556f6c297
licenses/EDRDG-license.html: 52f60ea9ca68170a2f0663d7dba381ebf1bd57c17a3347dfe21153865c156692
licenses/Waller-sharing.html: ec041fa5ed97b59dd4d7d9749d4f3828049422a8da0404700ac12f64f32a8a56
licenses/yomitan-jlpt-vocab-README.md: 4efd40eecf18c01a61ca54d4c1731daa0756a384b0f4ade551b43914a087869a
