schema_version: 1
kaikki:
  url: https://kaikki.org/dictionary/French/kaikki.org-dictionary-French.jsonl.gz
  sha256: efae9ffb69cb74e4376711c05df77b9571d76dff70bd14bd094562dc00cd81f7
  bytes: 56996718
  dump: '2026-09-02'
  extracted: '2026-09-09'
lexique:
  url: http://www.lexique.org/databases/Lexique383/Lexique383.tsv
  sha256: 637ba37a767a66679c48371d673ece50cbf541b49a4e40e598963d4f3fbce52b
  bytes: 25850780
projection_sha256: 89f2dbbb400ebf8f980f621ede2bb21452def4573c33055da3e9fb794b4e6b9e
